// !$*UTF8*$!
{
	archiveVersion = 1;
	classes = {
	};
	objectVersion = 46;
	objects = {

/* Begin PBXBuildFile section */
		130EA810365FC8083152ACBE /* Pods_HeadViewControllerTests.framework in Frameworks */ = {isa = PBXBuildFile; fileRef = 2133388C88321572F1830BFA /* Pods_HeadViewControllerTests.framework */; };
		2B81007A5041E7E0FE167B61 /* Pods_HeadViewControllerUITests.framework in Frameworks */ = {isa = PBXBuildFile; fileRef = F6EEB9997C8ED90654E15090 /* Pods_HeadViewControllerUITests.framework */; };
		7BEBCDC38C9B5A8E32DFF672 /* Pods_HeadViewController.framework in Frameworks */ = {isa = PBXBuildFile; fileRef = AB26A147E113E9A1D486DB55 /* Pods_HeadViewController.framework */; };
		F32B10E01DEC1C1400DBF824 /* main.m in Sources */ = {isa = PBXBuildFile; fileRef = F32B10DF1DEC1C1400DBF824 /* main.m */; };
		F32B10E31DEC1C1400DBF824 /* AppDelegate.m in Sources */ = {isa = PBXBuildFile; fileRef = F32B10E21DEC1C1400DBF824 /* AppDelegate.m */; };
		F32B10EB1DEC1C1400DBF824 /* Assets.xcassets in Resources */ = {isa = PBXBuildFile; fileRef = F32B10EA1DEC1C1400DBF824 /* Assets.xcassets */; };
		F32B10EE1DEC1C1400DBF824 /* LaunchScreen.storyboard in Resources */ = {isa = PBXBuildFile; fileRef = F32B10EC1DEC1C1400DBF824 /* LaunchScreen.storyboard */; };
		F32B10F91DEC1C1400DBF824 /* HeadViewControllerTests.m in Sources */ = {isa = PBXBuildFile; fileRef = F32B10F81DEC1C1400DBF824 /* HeadViewControllerTests.m */; };
		F32B11041DEC1C1400DBF824 /* HeadViewControllerUITests.m in Sources */ = {isa = PBXBuildFile; fileRef = F32B11031DEC1C1400DBF824 /* HeadViewControllerUITests.m */; };
		F32B11131DEC1C3100DBF824 /* UINavigationController+CLObjcSugar.m in Sources */ = {isa = PBXBuildFile; fileRef = F32B11121DEC1C3100DBF824 /* UINavigationController+CLObjcSugar.m */; };
		F32B111A1DEC1C6300DBF824 /* ViewController.m in Sources */ = {isa = PBXBuildFile; fileRef = F32B11151DEC1C6300DBF824 /* ViewController.m */; };
		F32B111B1DEC1C6300DBF824 /* HeadViewController.m in Sources */ = {isa = PBXBuildFile; fileRef = F32B11171DEC1C6300DBF824 /* HeadViewController.m */; };
		F32B111C1DEC1C6300DBF824 /* HeadViewController.xib in Resources */ = {isa = PBXBuildFile; fileRef = F32B11181DEC1C6300DBF824 /* HeadViewController.xib */; };
		F32B111D1DEC1C6300DBF824 /* Main.storyboard in Resources */ = {isa = PBXBuildFile; fileRef = F32B11191DEC1C6300DBF824 /* Main.storyboard */; };
		F32B11431DEC1D2B00DBF824 /* UIView+Extension.m in Sources */ = {isa = PBXBuildFile; fileRef = F32B11421DEC1D2B00DBF824 /* UIView+Extension.m */; };
		F32B126F1DEC2BEB00DBF824 /* ViewController2.m in Sources */ = {isa = PBXBuildFile; fileRef = F32B126E1DEC2BEB00DBF824 /* ViewController2.m */; };
		F32B12721DEC311200DBF824 /* UIColor+CLObjcSugar.m in Sources */ = {isa = PBXBuildFile; fileRef = F32B12711DEC311200DBF824 /* UIColor+CLObjcSugar.m */; };
/* End PBXBuildFile section */

/* Begin PBXContainerItemProxy section */
		F32B10F51DEC1C1400DBF824 /* PBXContainerItemProxy */ = {
			isa = PBXContainerItemProxy;
			containerPortal = F32B10D31DEC1C1400DBF824 /* Project object */;
			proxyType = 1;
			remoteGlobalIDString = F32B10DA1DEC1C1400DBF824;
			remoteInfo = HeadViewController;
		};
		F32B11001DEC1C1400DBF824 /* PBXContainerItemProxy */ = {
			isa = PBXContainerItemProxy;
			containerPortal = F32B10D31DEC1C1400DBF824 /* Project object */;
			proxyType = 1;
			remoteGlobalIDString = F32B10DA1DEC1C1400DBF824;
			remoteInfo = HeadViewController;
		};
/* End PBXContainerItemProxy section */

/* Begin PBXFileReference section */
		2133388C88321572F1830BFA /* Pods_HeadViewControllerTests.framework */ = {isa = PBXFileReference; explicitFileType = wrapper.framework; includeInIndex = 0; path = Pods_HeadViewControllerTests.framework; sourceTree = BUILT_PRODUCTS_DIR; };
		5664624F58346703DBBEF516 /* Pods-HeadViewController.release.xcconfig */ = {isa = PBXFileReference; includeInIndex = 1; lastKnownFileType = text.xcconfig; name = "Pods-HeadViewController.release.xcconfig"; path = "Pods/Target Support Files/Pods-HeadViewController/Pods-HeadViewController.release.xcconfig"; sourceTree = "<group>"; };
		7169540471D9E36686C6D3F3 /* Pods-HeadViewController.debug.xcconfig */ = {isa = PBXFileReference; includeInIndex = 1; lastKnownFileType = text.xcconfig; name = "Pods-HeadViewController.debug.xcconfig"; path = "Pods/Target Support Files/Pods-HeadViewController/Pods-HeadViewController.debug.xcconfig"; sourceTree = "<group>"; };
		AB26A147E113E9A1D486DB55 /* Pods_HeadViewController.framework */ = {isa = PBXFileReference; explicitFileType = wrapper.framework; includeInIndex = 0; path = Pods_HeadViewController.framework; sourceTree = BUILT_PRODUCTS_DIR; };
		AEA0C91C5B2AC1342B334487 /* Pods-HeadViewControllerUITests.debug.xcconfig */ = {isa = PBXFileReference; includeInIndex = 1; lastKnownFileType = text.xcconfig; name = "Pods-HeadViewControllerUITests.debug.xcconfig"; path = "Pods/Target Support Files/Pods-HeadViewControllerUITests/Pods-HeadViewControllerUITests.debug.xcconfig"; sourceTree = "<group>"; };
		F32B10DB1DEC1C1400DBF824 /* HeadViewController.app */ = {isa = PBXFileReference; explicitFileType = wrapper.application; includeInIndex = 0; path = HeadViewController.app; sourceTree = BUILT_PRODUCTS_DIR; };
		F32B10DF1DEC1C1400DBF824 /* main.m */ = {isa = PBXFileReference; lastKnownFileType = sourcecode.c.objc; path = main.m; sourceTree = "<group>"; };
		F32B10E11DEC1C1400DBF824 /* AppDelegate.h */ = {isa = PBXFileReference; lastKnownFileType = sourcecode.c.h; path = AppDelegate.h; sourceTree = "<group>"; };
		F32B10E21DEC1C1400DBF824 /* AppDelegate.m */ = {isa = PBXFileReference; lastKnownFileType = sourcecode.c.objc; path = AppDelegate.m; sourceTree = "<group>"; };
		F32B10EA1DEC1C1400DBF824 /* Assets.xcassets */ = {isa = PBXFileReference; lastKnownFileType = folder.assetcatalog; path = Assets.xcassets; sourceTree = "<group>"; };
		F32B10ED1DEC1C1400DBF824 /* Base */ = {isa = PBXFileReference; lastKnownFileType = file.storyboard; name = Base; path = Base.lproj/LaunchScreen.storyboard; sourceTree = "<group>"; };
		F32B10EF1DEC1C1400DBF824 /* Info.plist */ = {isa = PBXFileReference; lastKnownFileType = text.plist.xml; path = Info.plist; sourceTree = "<group>"; };
		F32B10F41DEC1C1400DBF824 /* HeadViewControllerTests.xctest */ = {isa = PBXFileReference; explicitFileType = wrapper.cfbundle; includeInIndex = 0; path = HeadViewControllerTests.xctest; sourceTree = BUILT_PRODUCTS_DIR; };
		F32B10F81DEC1C1400DBF824 /* HeadViewControllerTests.m */ = {isa = PBXFileReference; lastKnownFileType = sourcecode.c.objc; path = HeadViewControllerTests.m; sourceTree = "<group>"; };
		F32B10FA1DEC1C1400DBF824 /* Info.plist */ = {isa = PBXFileReference; lastKnownFileType = text.plist.xml; path = Info.plist; sourceTree = "<group>"; };
		F32B10FF1DEC1C1400DBF824 /* HeadViewControllerUITests.xctest */ = {isa = PBXFileReference; explicitFileType = wrapper.cfbundle; includeInIndex = 0; path = HeadViewControllerUITests.xctest; sourceTree = BUILT_PRODUCTS_DIR; };
		F32B11031DEC1C1400DBF824 /* HeadViewControllerUITests.m */ = {isa = PBXFileReference; lastKnownFileType = sourcecode.c.objc; path = HeadViewControllerUITests.m; sourceTree = "<group>"; };
		F32B11051DEC1C1400DBF824 /* Info.plist */ = {isa = PBXFileReference; lastKnownFileType = text.plist.xml; path = Info.plist; sourceTree = "<group>"; };
		F32B11111DEC1C3100DBF824 /* UINavigationController+CLObjcSugar.h */ = {isa = PBXFileReference; fileEncoding = 4; lastKnownFileType = sourcecode.c.h; path = "UINavigationController+CLObjcSugar.h"; sourceTree = "<group>"; };
		F32B11121DEC1C3100DBF824 /* UINavigationController+CLObjcSugar.m */ = {isa = PBXFileReference; fileEncoding = 4; lastKnownFileType = sourcecode.c.objc; path = "UINavigationController+CLObjcSugar.m"; sourceTree = "<group>"; };
		F32B11141DEC1C6300DBF824 /* ViewController.h */ = {isa = PBXFileReference; fileEncoding = 4; lastKnownFileType = sourcecode.c.h; path = ViewController.h; sourceTree = "<group>"; };
		F32B11151DEC1C6300DBF824 /* ViewController.m */ = {isa = PBXFileReference; fileEncoding = 4; lastKnownFileType = sourcecode.c.objc; path = ViewController.m; sourceTree = "<group>"; };
		F32B11161DEC1C6300DBF824 /* HeadViewController.h */ = {isa = PBXFileReference; fileEncoding = 4; lastKnownFileType = sourcecode.c.h; path = HeadViewController.h; sourceTree = "<group>"; };
		F32B11171DEC1C6300DBF824 /* HeadViewController.m */ = {isa = PBXFileReference; fileEncoding = 4; lastKnownFileType = sourcecode.c.objc; path = HeadViewController.m; sourceTree = "<group>"; };
		F32B11181DEC1C6300DBF824 /* HeadViewController.xib */ = {isa = PBXFileReference; fileEncoding = 4; lastKnownFileType = file.xib; path = HeadViewController.xib; sourceTree = "<group>"; };
		F32B11191DEC1C6300DBF824 /* Main.storyboard */ = {isa = PBXFileReference; fileEncoding = 4; lastKnownFileType = file.storyboard; path = Main.storyboard; sourceTree = "<group>"; };
		F32B11411DEC1D2B00DBF824 /* UIView+Extension.h */ = {isa = PBXFileReference; fileEncoding = 4; lastKnownFileType = sourcecode.c.h; path = "UIView+Extension.h"; sourceTree = "<group>"; };
		F32B11421DEC1D2B00DBF824 /* UIView+Extension.m */ = {isa = PBXFileReference; fileEncoding = 4; lastKnownFileType = sourcecode.c.objc; path = "UIView+Extension.m"; sourceTree = "<group>"; };
		F32B126D1DEC2BEB00DBF824 /* ViewController2.h */ = {isa = PBXFileReference; fileEncoding = 4; lastKnownFileType = sourcecode.c.h; path = ViewController2.h; sourceTree = "<group>"; };
		F32B126E1DEC2BEB00DBF824 /* ViewController2.m */ = {isa = PBXFileReference; fileEncoding = 4; lastKnownFileType = sourcecode.c.objc; path = ViewController2.m; sourceTree = "<group>"; };
		F32B12701DEC311200DBF824 /* UIColor+CLObjcSugar.h */ = {isa = PBXFileReference; fileEncoding = 4; lastKnownFileType = sourcecode.c.h; path = "UIColor+CLObjcSugar.h"; sourceTree = "<group>"; };
		F32B12711DEC311200DBF824 /* UIColor+CLObjcSugar.m */ = {isa = PBXFileReference; fileEncoding = 4; lastKnownFileType = sourcecode.c.objc; path = "UIColor+CLObjcSugar.m"; sourceTree = "<group>"; };
		F56FFFE0D1A2F970022CD3DF /* Pods-HeadViewControllerTests.release.xcconfig */ = {isa = PBXFileReference; includeInIndex = 1; lastKnownFileType = text.xcconfig; name = "Pods-HeadViewControllerTests.release.xcconfig"; path = "Pods/Target Support Files/Pods-HeadViewControllerTests/Pods-HeadViewControllerTests.release.xcconfig"; sourceTree = "<group>"; };
		F6EEB9997C8ED90654E15090 /* Pods_HeadViewControllerUITests.framework */ = {isa = PBXFileReference; explicitFileType = wrapper.framework; includeInIndex = 0; path = Pods_HeadViewControllerUITests.framework; sourceTree = BUILT_PRODUCTS_DIR; };
		FC1865AC3687696813728813 /* Pods-HeadViewControllerTests.debug.xcconfig */ = {isa = PBXFileReference; includeInIndex = 1; lastKnownFileType = text.xcconfig; name = "Pods-HeadViewControllerTests.debug.xcconfig"; path = "Pods/Target Support Files/Pods-HeadViewControllerTests/Pods-HeadViewControllerTests.debug.xcconfig"; sourceTree = "<group>"; };
		FFD998801064FF0468C91278 /* Pods-HeadViewControllerUITests.release.xcconfig */ = {isa = PBXFileReference; includeInIndex = 1; lastKnownFileType = text.xcconfig; name = "Pods-HeadViewControllerUITests.release.xcconfig"; path = "Pods/Target Support Files/Pods-HeadViewControllerUITests/Pods-HeadViewControllerUITests.release.xcconfig"; sourceTree = "<group>"; };
/* End PBXFileReference section */

/* Begin PBXFrameworksBuildPhase section */
		F32B10D81DEC1C1400DBF824 /* Frameworks */ = {
			isa = PBXFrameworksBuildPhase;
			buildActionMask = 2147483647;
			files = (
				7BEBCDC38C9B5A8E32DFF672 /* Pods_HeadViewController.framework in Frameworks */,
			);
			runOnlyForDeploymentPostprocessing = 0;
		};
		F32B10F11DEC1C1400DBF824 /* Frameworks */ = {
			isa = PBXFrameworksBuildPhase;
			buildActionMask = 2147483647;
			files = (
				130EA810365FC8083152ACBE /* Pods_HeadViewControllerTests.framework in Frameworks */,
			);
			runOnlyForDeploymentPostprocessing = 0;
		};
		F32B10FC1DEC1C1400DBF824 /* Frameworks */ = {
			isa = PBXFrameworksBuildPhase;
			buildActionMask = 2147483647;
			files = (
				2B81007A5041E7E0FE167B61 /* Pods_HeadViewControllerUITests.framework in Frameworks */,
			);
			runOnlyForDeploymentPostprocessing = 0;
		};
/* End PBXFrameworksBuildPhase section */

/* Begin PBXGroup section */
		6445767D5689F65EBBFCF70B /* Frameworks */ = {
			isa = PBXGroup;
			children = (
				AB26A147E113E9A1D486DB55 /* Pods_HeadViewController.framework */,
				2133388C88321572F1830BFA /* Pods_HeadViewControllerTests.framework */,
				F6EEB9997C8ED90654E15090 /* Pods_HeadViewControllerUITests.framework */,
			);
			name = Frameworks;
			sourceTree = "<group>";
		};
		9266853120F9A6A11E738BBE /* Pods */ = {
			isa = PBXGroup;
			children = (
				7169540471D9E36686C6D3F3 /* Pods-HeadViewController.debug.xcconfig */,
				5664624F58346703DBBEF516 /* Pods-HeadViewController.release.xcconfig */,
				FC1865AC3687696813728813 /* Pods-HeadViewControllerTests.debug.xcconfig */,
				F56FFFE0D1A2F970022CD3DF /* Pods-HeadViewControllerTests.release.xcconfig */,
				AEA0C91C5B2AC1342B334487 /* Pods-HeadViewControllerUITests.debug.xcconfig */,
				FFD998801064FF0468C91278 /* Pods-HeadViewControllerUITests.release.xcconfig */,
			);
			name = Pods;
			sourceTree = "<group>";
		};
		F32B10D21DEC1C1400DBF824 = {
			isa = PBXGroup;
			children = (
				F32B10DD1DEC1C1400DBF824 /* HeadViewController */,
				F32B10F71DEC1C1400DBF824 /* HeadViewControllerTests */,
				F32B11021DEC1C1400DBF824 /* HeadViewControllerUITests */,
				F32B10DC1DEC1C1400DBF824 /* Products */,
				9266853120F9A6A11E738BBE /* Pods */,
				6445767D5689F65EBBFCF70B /* Frameworks */,
			);
			sourceTree = "<group>";
		};
		F32B10DC1DEC1C1400DBF824 /* Products */ = {
			isa = PBXGroup;
			children = (
				F32B10DB1DEC1C1400DBF824 /* HeadViewController.app */,
				F32B10F41DEC1C1400DBF824 /* HeadViewControllerTests.xctest */,
				F32B10FF1DEC1C1400DBF824 /* HeadViewControllerUITests.xctest */,
			);
			name = Products;
			sourceTree = "<group>";
		};
		F32B10DD1DEC1C1400DBF824 /* HeadViewController */ = {
			isa = PBXGroup;
			children = (
				F32B11111DEC1C3100DBF824 /* UINavigationController+CLObjcSugar.h */,
				F32B11121DEC1C3100DBF824 /* UINavigationController+CLObjcSugar.m */,
				F32B12701DEC311200DBF824 /* UIColor+CLObjcSugar.h */,
				F32B12711DEC311200DBF824 /* UIColor+CLObjcSugar.m */,
				F32B11411DEC1D2B00DBF824 /* UIView+Extension.h */,
				F32B11421DEC1D2B00DBF824 /* UIView+Extension.m */,
				F32B10E11DEC1C1400DBF824 /* AppDelegate.h */,
				F32B10E21DEC1C1400DBF824 /* AppDelegate.m */,
				F32B11141DEC1C6300DBF824 /* ViewController.h */,
				F32B11151DEC1C6300DBF824 /* ViewController.m */,
				F32B126D1DEC2BEB00DBF824 /* ViewController2.h */,
				F32B126E1DEC2BEB00DBF824 /* ViewController2.m */,
				F32B11161DEC1C6300DBF824 /* HeadViewController.h */,
				F32B11171DEC1C6300DBF824 /* HeadViewController.m */,
				F32B11181DEC1C6300DBF824 /* HeadViewController.xib */,
				F32B11191DEC1C6300DBF824 /* Main.storyboard */,
				F32B10EA1DEC1C1400DBF824 /* Assets.xcassets */,
				F32B10EC1DEC1C1400DBF824 /* LaunchScreen.storyboard */,
				F32B10EF1DEC1C1400DBF824 /* Info.plist */,
				F32B10DE1DEC1C1400DBF824 /* Supporting Files */,
			);
			path = HeadViewController;
			sourceTree = "<group>";
		};
		F32B10DE1DEC1C1400DBF824 /* Supporting Files */ = {
			isa = PBXGroup;
			children = (
				F32B10DF1DEC1C1400DBF824 /* main.m */,
			);
			name = "Supporting Files";
			sourceTree = "<group>";
		};
		F32B10F71DEC1C1400DBF824 /* HeadViewControllerTests */ = {
			isa = PBXGroup;
			children = (
				F32B10F81DEC1C1400DBF824 /* HeadViewControllerTests.m */,
				F32B10FA1DEC1C1400DBF824 /* Info.plist */,
			);
			path = HeadViewControllerTests;
			sourceTree = "<group>";
		};
		F32B11021DEC1C1400DBF824 /* HeadViewControllerUITests */ = {
			isa = PBXGroup;
			children = (
				F32B11031DEC1C1400DBF824 /* HeadViewControllerUITests.m */,
				F32B11051DEC1C1400DBF824 /* Info.plist */,
			);
			path = HeadViewControllerUITests;
			sourceTree = "<group>";
		};
/* End PBXGroup section */

/* Begin PBXNativeTarget section */
		F32B10DA1DEC1C1400DBF824 /* HeadViewController */ = {
			isa = PBXNativeTarget;
			buildConfigurationList = F32B11081DEC1C1400DBF824 /* Build configuration list for PBXNativeTarget "HeadViewController" */;
			buildPhases = (
				79629B5C6B1A754DC510DCE7 /* [CP] Check Pods Manifest.lock */,
				F32B10D71DEC1C1400DBF824 /* Sources */,
				F32B10D81DEC1C1400DBF824 /* Frameworks */,
				F32B10D91DEC1C1400DBF824 /* Resources */,
				5B284D670B662B80A4EE9D55 /* [CP] Embed Pods Frameworks */,
				69150550AA9AE499E445C69F /* [CP] Copy Pods Resources */,
			);
			buildRules = (
			);
			dependencies = (
			);
			name = HeadViewController;
			productName = HeadViewController;
			productReference = F32B10DB1DEC1C1400DBF824 /* HeadViewController.app */;
			productType = "com.apple.product-type.application";
		};
		F32B10F31DEC1C1400DBF824 /* HeadViewControllerTests */ = {
			isa = PBXNativeTarget;
			buildConfigurationList = F32B110B1DEC1C1400DBF824 /* Build configuration list for PBXNativeTarget "HeadViewControllerTests" */;
			buildPhases = (
				BBEAD15F323A8F0E4496572F /* [CP] Check Pods Manifest.lock */,
				F32B10F01DEC1C1400DBF824 /* Sources */,
				F32B10F11DEC1C1400DBF824 /* Frameworks */,
				F32B10F21DEC1C1400DBF824 /* Resources */,
				D277D83C0E47DE14422997A9 /* [CP] Embed Pods Frameworks */,
				8EF158DFEC884876FB66DAC1 /* [CP] Copy Pods Resources */,
			);
			buildRules = (
			);
			dependencies = (
				F32B10F61DEC1C1400DBF824 /* PBXTargetDependency */,
			);
			name = HeadViewControllerTests;
			productName = HeadViewControllerTests;
			productReference = F32B10F41DEC1C1400DBF824 /* HeadViewControllerTests.xctest */;
			productType = "com.apple.product-type.bundle.unit-test";
		};
		F32B10FE1DEC1C1400DBF824 /* HeadViewControllerUITests */ = {
			isa = PBXNativeTarget;
			buildConfigurationList = F32B110E1DEC1C1400DBF824 /* Build configuration list for PBXNativeTarget "HeadViewControllerUITests" */;
			buildPhases = (
				D57B1C4DC7B4FDC326C6B9B2 /* [CP] Check Pods Manifest.lock */,
				F32B10FB1DEC1C1400DBF824 /* Sources */,
				F32B10FC1DEC1C1400DBF824 /* Frameworks */,
				F32B10FD1DEC1C1400DBF824 /* Resources */,
				C8F760A2AA0316564B27C4DE /* [CP] Embed Pods Frameworks */,
				CACA3638A0E962FE9DDF04CA /* [CP] Copy Pods Resources */,
			);
			buildRules = (
			);
			dependencies = (
				F32B11011DEC1C1400DBF824 /* PBXTargetDependency */,
			);
			name = HeadViewControllerUITests;
			productName = HeadViewControllerUITests;
			productReference = F32B10FF1DEC1C1400DBF824 /* HeadViewControllerUITests.xctest */;
			productType = "com.apple.product-type.bundle.ui-testing";
		};
/* End PBXNativeTarget section */

/* Begin PBXProject section */
		F32B10D31DEC1C1400DBF824 /* Project object */ = {
			isa = PBXProject;
			attributes = {
				LastUpgradeCheck = 0810;
				ORGANIZATIONNAME = lishaopeng;
				TargetAttributes = {
					F32B10DA1DEC1C1400DBF824 = {
						CreatedOnToolsVersion = 8.1;
						ProvisioningStyle = Automatic;
					};
					F32B10F31DEC1C1400DBF824 = {
						CreatedOnToolsVersion = 8.1;
						ProvisioningStyle = Automatic;
						TestTargetID = F32B10DA1DEC1C1400DBF824;
					};
					F32B10FE1DEC1C1400DBF824 = {
						CreatedOnToolsVersion = 8.1;
						ProvisioningStyle = Automatic;
						TestTargetID = F32B10DA1DEC1C1400DBF824;
					};
				};
			};
			buildConfigurationList = F32B10D61DEC1C1400DBF824 /* Build configuration list for PBXProject "HeadViewController" */;
			compatibilityVersion = "Xcode 3.2";
			developmentRegion = English;
			hasScannedForEncodings = 0;
			knownRegions = (
				en,
				Base,
			);
			mainGroup = F32B10D21DEC1C1400DBF824;
			productRefGroup = F32B10DC1DEC1C1400DBF824 /* Products */;
			projectDirPath = "";
			projectRoot = "";
			targets = (
				F32B10DA1DEC1C1400DBF824 /* HeadViewController */,
				F32B10F31DEC1C1400DBF824 /* HeadViewControllerTests */,
				F32B10FE1DEC1C1400DBF824 /* HeadViewControllerUITests */,
			);
		};
/* End PBXProject section */

/* Begin PBXResourcesBuildPhase section */
		F32B10D91DEC1C1400DBF824 /* Resources */ = {
			isa = PBXResourcesBuildPhase;
			buildActionMask = 2147483647;
			files = (
				F32B10EE1DEC1C1400DBF824 /* LaunchScreen.storyboard in Resources */,
				F32B111C1DEC1C6300DBF824 /* HeadViewController.xib in Resources */,
				F32B10EB1DEC1C1400DBF824 /* Assets.xcassets in Resources */,
				F32B111D1DEC1C6300DBF824 /* Main.storyboard in Resources */,
			);
			runOnlyForDeploymentPostprocessing = 0;
		};
		F32B10F21DEC1C1400DBF824 /* Resources */ = {
			isa = PBXResourcesBuildPhase;
			buildActionMask = 2147483647;
			files = (
			);
			runOnlyForDeploymentPostprocessing = 0;
		};
		F32B10FD1DEC1C1400DBF824 /* Resources */ = {
			isa = PBXResourcesBuildPhase;
			buildActionMask = 2147483647;
			files = (
			);
			runOnlyForDeploymentPostprocessing = 0;
		};
/* End PBXResourcesBuildPhase section */

/* Begin PBXShellScriptBuildPhase section */
		5B284D670B662B80A4EE9D55 /* [CP] Embed Pods Frameworks */ = {
			isa = PBXShellScriptBuildPhase;
			buildActionMask = 2147483647;
			files = (
			);
			inputPaths = (
			);
			name = "[CP] Embed Pods Frameworks";
			outputPaths = (
			);
			runOnlyForDeploymentPostprocessing = 0;
			shellPath = /bin/sh;
			shellScript = "\"${SRCROOT}/Pods/Target Support Files/Pods-HeadViewController/Pods-HeadViewController-frameworks.sh\"\n";
			showEnvVarsInLog = 0;
		};
		69150550AA9AE499E445C69F /* [CP] Copy Pods Resources */ = {
			isa = PBXShellScriptBuildPhase;
			buildActionMask = 2147483647;
			files = (
			);
			inputPaths = (
			);
			name = "[CP] Copy Pods Resources";
			outputPaths = (
			);
			runOnlyForDeploymentPostprocessing = 0;
			shellPath = /bin/sh;
			shellScript = "\"${SRCROOT}/Pods/Target Support Files/Pods-HeadViewController/Pods-HeadViewController-resources.sh\"\n";
			showEnvVarsInLog = 0;
		};
		79629B5C6B1A754DC510DCE7 /* [CP] Check Pods Manifest.lock */ = {
			isa = PBXShellScriptBuildPhase;
			buildActionMask = 2147483647;
			files = (
			);
			inputPaths = (
			);
			name = "[CP] Check Pods Manifest.lock";
			outputPaths = (
			);
			runOnlyForDeploymentPostprocessing = 0;
			shellPath = /bin/sh;
			shellScript = "diff \"${PODS_ROOT}/../Podfile.lock\" \"${PODS_ROOT}/Manifest.lock\" > /dev/null\nif [ $? != 0 ] ; then\n    # print error to STDERR\n    echo \"error: The sandbox is not in sync with the Podfile.lock. Run 'pod install' or update your CocoaPods installation.\" >&2\n    exit 1\nfi\n";
			showEnvVarsInLog = 0;
		};
		8EF158DFEC884876FB66DAC1 /* [CP] Copy Pods Resources */ = {
			isa = PBXShellScriptBuildPhase;
			buildActionMask = 2147483647;
			files = (
			);
			inputPaths = (
			);
			name = "[CP] Copy Pods Resources";
			outputPaths = (
			);
			runOnlyForDeploymentPostprocessing = 0;
			shellPath = /bin/sh;
			shellScript = "\"${SRCROOT}/Pods/Target Support Files/Pods-HeadViewControllerTests/Pods-HeadViewControllerTests-resources.sh\"\n";
			showEnvVarsInLog = 0;
		};
		BBEAD15F323A8F0E4496572F /* [CP] Check Pods Manifest.lock */ = {
			isa = PBXShellScriptBuildPhase;
			buildActionMask = 2147483647;
			files = (
			);
			inputPaths = (
			);
			name = "[CP] Check Pods Manifest.lock";
			outputPaths = (
			);
			runOnlyForDeploymentPostprocessing = 0;
			shellPath = /bin/sh;
			shellScript = "diff \"${PODS_ROOT}/../Podfile.lock\" \"${PODS_ROOT}/Manifest.lock\" > /dev/null\nif [ $? != 0 ] ; then\n    # print error to STDERR\n    echo \"error: The sandbox is not in sync with the Podfile.lock. Run 'pod install' or update your CocoaPods installation.\" >&2\n    exit 1\nfi\n";
			showEnvVarsInLog = 0;
		};
		C8F760A2AA0316564B27C4DE /* [CP] Embed Pods Frameworks */ = {
			isa = PBXShellScriptBuildPhase;
			buildActionMask = 2147483647;
			files = (
			);
			inputPaths = (
			);
			name = "[CP] Embed Pods Frameworks";
			outputPaths = (
			);
			runOnlyForDeploymentPostprocessing = 0;
			shellPath = /bin/sh;
			shellScript = "\"${SRCROOT}/Pods/Target Support Files/Pods-HeadViewControllerUITests/Pods-HeadViewControllerUITests-frameworks.sh\"\n";
			showEnvVarsInLog = 0;
		};
		CACA3638A0E962FE9DDF04CA /* [CP] Copy Pods Resources */ = {
			isa = PBXShellScriptBuildPhase;
			buildActionMask = 2147483647;
			files = (
			);
			inputPaths = (
			);
			name = "[CP] Copy Pods Resources";
			outputPaths = (
			);
			runOnlyForDeploymentPostprocessing = 0;
			shellPath = /bin/sh;
			shellScript = "\"${SRCROOT}/Pods/Target Support Files/Pods-HeadViewControllerUITests/Pods-HeadViewControllerUITests-resources.sh\"\n";
			showEnvVarsInLog = 0;
		};
		D277D83C0E47DE14422997A9 /* [CP] Embed Pods Frameworks */ = {
			isa = PBXShellScriptBuildPhase;
			buildActionMask = 2147483647;
			files = (
			);
			inputPaths = (
			);
			name = "[CP] Embed Pods Frameworks";
			outputPaths = (
			);
			runOnlyForDeploymentPostprocessing = 0;
			shellPath = /bin/sh;
			shellScript = "\"${SRCROOT}/Pods/Target Support Files/Pods-HeadViewControllerTests/Pods-HeadViewControllerTests-frameworks.sh\"\n";
			showEnvVarsInLog = 0;
		};
		D57B1C4DC7B4FDC326C6B9B2 /* [CP] Check Pods Manifest.lock */ = {
			isa = PBXShellScriptBuildPhase;
			buildActionMask = 2147483647;
			files = (
			);
			inputPaths = (
			);
			name = "[CP] Check Pods Manifest.lock";
			outputPaths = (
			);
			runOnlyForDeploymentPostprocessing = 0;
			shellPath = /bin/sh;
			shellScript = "diff \"${PODS_ROOT}/../Podfile.lock\" \"${PODS_ROOT}/Manifest.lock\" > /dev/null\nif [ $? != 0 ] ; then\n    # print error to STDERR\n    echo \"error: The sandbox is not in sync with the Podfile.lock. Run 'pod install' or update your CocoaPods installation.\" >&2\n    exit 1\nfi\n";
			showEnvVarsInLog = 0;
		};
/* End PBXShellScriptBuildPhase section */

/* Begin PBXSourcesBuildPhase section */
		F32B10D71DEC1C1400DBF824 /* Sources */ = {
			isa = PBXSourcesBuildPhase;
			buildActionMask = 2147483647;
			files = (
				F32B126F1DEC2BEB00DBF824 /* ViewController2.m in Sources */,
				F32B10E31DEC1C1400DBF824 /* AppDelegate.m in Sources */,
				F32B111B1DEC1C6300DBF824 /* HeadViewController.m in Sources */,
				F32B10E01DEC1C1400DBF824 /* main.m in Sources */,
				F32B111A1DEC1C6300DBF824 /* ViewController.m in Sources */,
				F32B11431DEC1D2B00DBF824 /* UIView+Extension.m in Sources */,
				F32B11131DEC1C3100DBF824 /* UINavigationController+CLObjcSugar.m in Sources */,
				F32B12721DEC311200DBF824 /* UIColor+CLObjcSugar.m in Sources */,
			);
			runOnlyForDeploymentPostprocessing = 0;
		};
		F32B10F01DEC1C1400DBF824 /* Sources */ = {
			isa = PBXSourcesBuildPhase;
			buildActionMask = 2147483647;
			files = (
				F32B10F91DEC1C1400DBF824 /* HeadViewControllerTests.m in Sources */,
			);
			runOnlyForDeploymentPostprocessing = 0;
		};
		F32B10FB1DEC1C1400DBF824 /* Sources */ = {
			isa = PBXSourcesBuildPhase;
			buildActionMask = 2147483647;
			files = (
				F32B11041DEC1C1400DBF824 /* HeadViewControllerUITests.m in Sources */,
			);
			runOnlyForDeploymentPostprocessing = 0;
		};
/* End PBXSourcesBuildPhase section */

/* Begin PBXTargetDependency section */
		F32B10F61DEC1C1400DBF824 /* PBXTargetDependency */ = {
			isa = PBXTargetDependency;
			target = F32B10DA1DEC1C1400DBF824 /* HeadViewController */;
			targetProxy = F32B10F51DEC1C1400DBF824 /* PBXContainerItemProxy */;
		};
		F32B11011DEC1C1400DBF824 /* PBXTargetDependency */ = {
			isa = PBXTargetDependency;
			target = F32B10DA1DEC1C1400DBF824 /* HeadViewController */;
			targetProxy = F32B11001DEC1C1400DBF824 /* PBXContainerItemProxy */;
		};
/* End PBXTargetDependency section */

/* Begin PBXVariantGroup section */
		F32B10EC1DEC1C1400DBF824 /* LaunchScreen.storyboard */ = {
			isa = PBXVariantGroup;
			children = (
				F32B10ED1DEC1C1400DBF824 /* Base */,
			);
			name = LaunchScreen.storyboard;
			sourceTree = "<group>";
		};
/* End PBXVariantGroup section */

/* Begin XCBuildConfiguration section */
		F32B11061DEC1C1400DBF824 /* Debug */ = {
			isa = XCBuildConfiguration;
			buildSettings = {
				ALWAYS_SEARCH_USER_PATHS = NO;
				CLANG_ANALYZER_NONNULL = YES;
				CLANG_CXX_LANGUAGE_STANDARD = "gnu++0x";
				CLANG_CXX_LIBRARY = "libc++";
				CLANG_ENABLE_MODULES = YES;
				CLANG_ENABLE_OBJC_ARC = YES;
				CLANG_WARN_BOOL_CONVERSION = YES;
				CLANG_WARN_CONSTANT_CONVERSION = YES;
				CLANG_WARN_DIRECT_OBJC_ISA_USAGE = YES_ERROR;
				CLANG_WARN_DOCUMENTATION_COMMENTS = YES;
				CLANG_WARN_EMPTY_BODY = YES;
				CLANG_WARN_ENUM_CONVERSION = YES;
				CLANG_WARN_INFINITE_RECURSION = YES;
				CLANG_WARN_INT_CONVERSION = YES;
				CLANG_WARN_OBJC_ROOT_CLASS = YES_ERROR;
				CLANG_WARN_SUSPICIOUS_MOVES = YES;
				CLANG_WARN_UNREACHABLE_CODE = YES;
				CLANG_WARN__DUPLICATE_METHOD_MATCH = YES;
				"CODE_SIGN_IDENTITY[sdk=iphoneos*]" = "iPhone Developer";
				COPY_PHASE_STRIP = NO;
				DEBUG_INFORMATION_FORMAT = dwarf;
				ENABLE_STRICT_OBJC_MSGSEND = YES;
				ENABLE_TESTABILITY = YES;
				GCC_C_LANGUAGE_STANDARD = gnu99;
				GCC_DYNAMIC_NO_PIC = NO;
				GCC_NO_COMMON_BLOCKS = YES;
				GCC_OPTIMIZATION_LEVEL = 0;
				GCC_PREPROCESSOR_DEFINITIONS = (
					"DEBUG=1",
					"$(inherited)",
				);
				GCC_WARN_64_TO_32_BIT_CONVERSION = YES;
				GCC_WARN_ABOUT_RETURN_TYPE = YES_ERROR;
				GCC_WARN_UNDECLARED_SELECTOR = YES;
				GCC_WARN_UNINITIALIZED_AUTOS = YES_AGGRESSIVE;
				GCC_WARN_UNUSED_FUNCTION = YES;
				GCC_WARN_UNUSED_VARIABLE = YES;
				IPHONEOS_DEPLOYMENT_TARGET = 10.1;
				MTL_ENABLE_DEBUG_INFO = YES;
				ONLY_ACTIVE_ARCH = YES;
				SDKROOT = iphoneos;
				TARGETED_DEVICE_FAMILY = "1,2";
			};
			name = Debug;
		};
		F32B11071DEC1C1400DBF824 /* Release */ = {
			isa = XCBuildConfiguration;
			buildSettings = {
				ALWAYS_SEARCH_USER_PATHS = NO;
				CLANG_ANALYZER_NONNULL = YES;
				CLANG_CXX_LANGUAGE_STANDARD = "gnu++0x";
				CLANG_CXX_LIBRARY = "libc++";
				CLANG_ENABLE_MODULES = YES;
				CLANG_ENABLE_OBJC_ARC = YES;
				CLANG_WARN_BOOL_CONVERSION = YES;
				CLANG_WARN_CONSTANT_CONVERSION = YES;
				CLANG_WARN_DIRECT_OBJC_ISA_USAGE = YES_ERROR;
				CLANG_WARN_DOCUMENTATION_COMMENTS = YES;
				CLANG_WARN_EMPTY_BODY = YES;
				CLANG_WARN_ENUM_CONVERSION = YES;
				CLANG_WARN_INFINITE_RECURSION = YES;
				CLANG_WARN_INT_CONVERSION = YES;
				CLANG_WARN_OBJC_ROOT_CLASS = YES_ERROR;
				CLANG_WARN_SUSPICIOUS_MOVES = YES;
				CLANG_WARN_UNREACHABLE_CODE = YES;
				CLANG_WARN__DUPLICATE_METHOD_MATCH = YES;
				"CODE_SIGN_IDENTITY[sdk=iphoneos*]" = "iPhone Developer";
				COPY_PHASE_STRIP = NO;
				DEBUG_INFORMATION_FORMAT = "dwarf-with-dsym";
				ENABLE_NS_ASSERTIONS = NO;
				ENABLE_STRICT_OBJC_MSGSEND = YES;
				GCC_C_LANGUAGE_STANDARD = gnu99;
				GCC_NO_COMMON_BLOCKS = YES;
				GCC_WARN_64_TO_32_BIT_CONVERSION = YES;
				GCC_WARN_ABOUT_RETURN_TYPE = YES_ERROR;
				GCC_WARN_UNDECLARED_SELECTOR = YES;
				GCC_WARN_UNINITIALIZED_AUTOS = YES_AGGRESSIVE;
				GCC_WARN_UNUSED_FUNCTION = YES;
				GCC_WARN_UNUSED_VARIABLE = YES;
				IPHONEOS_DEPLOYMENT_TARGET = 10.1;
				MTL_ENABLE_DEBUG_INFO = NO;
				SDKROOT = iphoneos;
				TARGETED_DEVICE_FAMILY = "1,2";
				VALIDATE_PRODUCT = YES;
			};
			name = Release;
		};
		F32B11091DEC1C1400DBF824 /* Debug */ = {
			isa = XCBuildConfiguration;
			baseConfigurationReference = 7169540471D9E36686C6D3F3 /* Pods-HeadViewController.debug.xcconfig */;
			buildSettings = {
				ASSETCATALOG_COMPILER_APPICON_NAME = AppIcon;
				INFOPLIST_FILE = HeadViewController/Info.plist;
				LD_RUNPATH_SEARCH_PATHS = "$(inherited) @executable_path/Frameworks";
				PRODUCT_BUNDLE_IDENTIFIER = com.hanju.HeadViewController;
				PRODUCT_NAME = "$(TARGET_NAME)";
			};
			name = Debug;
		};
		F32B110A1DEC1C1400DBF824 /* Release */ = {
			isa = XCBuildConfiguration;
			baseConfigurationReference = 5664624F58346703DBBEF516 /* Pods-HeadViewController.release.xcconfig */;
			buildSettings = {
				ASSETCATALOG_COMPILER_APPICON_NAME = AppIcon;
				INFOPLIST_FILE = HeadViewController/Info.plist;
				LD_RUNPATH_SEARCH_PATHS = "$(inherited) @executable_path/Frameworks";
				PRODUCT_BUNDLE_IDENTIFIER = com.hanju.HeadViewController;
				PRODUCT_NAME = "$(TARGET_NAME)";
			};
			name = Release;
		};
		F32B110C1DEC1C1400DBF824 /* Debug */ = {
			isa = XCBuildConfiguration;
			baseConfigurationReference = FC1865AC3687696813728813 /* Pods-HeadViewControllerTests.debug.xcconfig */;
			buildSettings = {
				BUNDLE_LOADER = "$(TEST_HOST)";
				INFOPLIST_FILE = HeadViewControllerTests/Info.plist;
				LD_RUNPATH_SEARCH_PATHS = "$(inherited) @executable_path/Frameworks @loader_path/Frameworks";
				PRODUCT_BUNDLE_IDENTIFIER = com.hanju.HeadViewControllerTests;
				PRODUCT_NAME = "$(TARGET_NAME)";
				TEST_HOST = "$(BUILT_PRODUCTS_DIR)/HeadViewController.app/HeadViewController";
			};
			name = Debug;
		};
		F32B110D1DEC1C1400DBF824 /* Release */ = {
			isa = XCBuildConfiguration;
			baseConfigurationReference = F56FFFE0D1A2F970022CD3DF /* Pods-HeadViewControllerTests.release.xcconfig */;
			buildSettings = {
				BUNDLE_LOADER = "$(TEST_HOST)";
				INFOPLIST_FILE = HeadViewControllerTests/Info.plist;
				LD_RUNPATH_SEARCH_PATHS = "$(inherited) @executable_path/Frameworks @loader_path/Frameworks";
				PRODUCT_BUNDLE_IDENTIFIER = com.hanju.HeadViewControllerTests;
				PRODUCT_NAME = "$(TARGET_NAME)";
				TEST_HOST = "$(BUILT_PRODUCTS_DIR)/HeadViewController.app/HeadViewController";
			};
			name = Release;
		};
		F32B110F1DEC1C1400DBF824 /* Debug */ = {
			isa = XCBuildConfiguration;
			baseConfigurationReference = AEA0C91C5B2AC1342B334487 /* Pods-HeadViewControllerUITests.debug.xcconfig */;
			buildSettings = {
				INFOPLIST_FILE = HeadViewControllerUITests/Info.plist;
				LD_RUNPATH_SEARCH_PATHS = "$(inherited) @executable_path/Frameworks @loader_path/Frameworks";
				PRODUCT_BUNDLE_IDENTIFIER = com.hanju.HeadViewControllerUITests;
				PRODUCT_NAME = "$(TARGET_NAME)";
				TEST_TARGET_NAME = HeadViewController;
			};
			name = Debug;
		};
		F32B11101DEC1C1400DBF824 /* Release */ = {
			isa = XCBuildConfiguration;
			baseConfigurationReference = FFD998801064FF0468C91278 /* Pods-HeadViewControllerUITests.release.xcconfig */;
			buildSettings = {
				INFOPLIST_FILE = HeadViewControllerUITests/Info.plist;
				LD_RUNPATH_SEARCH_PATHS = "$(inherited) @executable_path/Frameworks @loader_path/Frameworks";
				PRODUCT_BUNDLE_IDENTIFIER = com.hanju.HeadViewControllerUITests;
				PRODUCT_NAME = "$(TARGET_NAME)";
				TEST_TARGET_NAME = HeadViewController;
			};
			name = Release;
		};
/* End XCBuildConfiguration section */

/* Begin XCConfigurationList section */
		F32B10D61DEC1C1400DBF824 /* Build configuration list for PBXProject "HeadViewController" */ = {
			isa = XCConfigurationList;
			buildConfigurations = (
				F32B11061DEC1C1400DBF824 /* Debug */,
				F32B11071DEC1C1400DBF824 /* Release */,
			);
			defaultConfigurationIsVisible = 0;
			defaultConfigurationName = Release;
		};
		F32B11081DEC1C1400DBF824 /* Build configuration list for PBXNativeTarget "HeadViewController" */ = {
			isa = XCConfigurationList;
			buildConfigurations = (
				F32B11091DEC1C1400DBF824 /* Debug */,
				F32B110A1DEC1C1400DBF824 /* Release */,
			);
			defaultConfigurationIsVisible = 0;
			defaultConfigurationName = Release;
		};
		F32B110B1DEC1C1400DBF824 /* Build configuration list for PBXNativeTarget "HeadViewControllerTests" */ = {
			isa = XCConfigurationList;
			buildConfigurations = (
				F32B110C1DEC1C1400DBF824 /* Debug */,
				F32B110D1DEC1C1400DBF824 /* Release */,
			);
			defaultConfigurationIsVisible = 0;
			defaultConfigurationName = Release;
		};
		F32B110E1DEC1C1400DBF824 /* Build configuration list for PBXNativeTarget "HeadViewControllerUITests" */ = {
			isa = XCConfigurationList;
			buildConfigurations = (
				F32B110F1DEC1C1400DBF824 /* Debug */,
				F32B11101DEC1C1400DBF824 /* Release */,
			);
			defaultConfigurationIsVisible = 0;
			defaultConfigurationName = Release;
		};
/* End XCConfigurationList section */
	};
	rootObject = F32B10D31DEC1C1400DBF824 /* Project object */;
}
